
Microsoft Visual Studio Solution File, Format Version 12.00
# Visual Studio 15
VisualStudioVersion = 15.0.28307.136
MinimumVisualStudioVersion = 10.0.40219.1
Project("{FAE04EC0-301F-11D3-BF4B-00C04F79EFBC}") = "BattleShipDataKommunikationCharlie", "BattleShipDataKommunikationCharlie\BattleShipDataKommunikationCharlie.csproj", "{BAFCD206-E1C9-48C4-BE19-2DAC9D8910F5}"
EndProject
Global
	GlobalSection(SolutionConfigurationPlatforms) = preSolution
		Debug|Any CPU = Debug|Any CPU
		Release|Any CPU = Release|Any CPU
	EndGlobalSection
	GlobalSection(ProjectConfigurationPlatforms) = postSolution
		{BAFCD206-E1C9-48C4-BE19-2DAC9D8910F5}.Debug|Any CPU.ActiveCfg = Debug|Any CPU
		{BAFCD206-E1C9-48C4-BE19-2DAC9D8910F5}.Debug|Any CPU.Build.0 = Debug|Any CPU
		{BAFCD206-E1C9-48C4-BE19-2DAC9D8910F5}.Release|Any CPU.ActiveCfg = Release|Any CPU
		{BAFCD206-E1C9-48C4-BE19-2DAC9D8910F5}.Release|Any CPU.Build.0 = Release|Any CPU
	EndGlobalSection
	GlobalSection(SolutionProperties) = preSolution
		HideSolutionNode = FALSE
	EndGlobalSection
	GlobalSection(ExtensibilityGlobals) = postSolution
		SolutionGuid = {C5406D92-5B95-4D21-845A-85A4E18CD307}
	EndGlobalSection
EndGlobal
